
Microsoft Visual Studio Solution File, Format Version 12.00
# Visual Studio Version 17
VisualStudioVersion = 17.4.33110.190
MinimumVisualStudioVersion = 10.0.40219.1
Project("{9A19103F-16F7-4668-BE54-9A1E7A4F7556}") = "AssemblerOpgave", "Assembler\AssemblerOpgave.csproj", "{AFE0F491-8156-4489-AA6B-AEC78C125384}"
EndProject
Project("{9A19103F-16F7-4668-BE54-9A1E7A4F7556}") = "VMTranslator", "VMTranslator\VMTranslator.csproj", "{9BD8B836-1555-47F9-A560-92299A531E54}"
EndProject
Project("{9A19103F-16F7-4668-BE54-9A1E7A4F7556}") = "Utils", "Utils\Utils.csproj", "{9EE8FD63-544E-4A25-B167-D4349917D461}"
EndProject
Project("{FAE04EC0-301F-11D3-BF4B-00C04F79EFBC}") = "JackToHack", "JackToHack\JackToHack.csproj", "{390DD265-2918-4A41-AC9B-9C31FDE5DE75}"
EndProject
Global
	GlobalSection(SolutionConfigurationPlatforms) = preSolution
		Debug|Any CPU = Debug|Any CPU
		Release|Any CPU = Release|Any CPU
	EndGlobalSection
	GlobalSection(ProjectConfigurationPlatforms) = postSolution
		{AFE0F491-8156-4489-AA6B-AEC78C125384}.Debug|Any CPU.ActiveCfg = Debug|Any CPU
		{AFE0F491-8156-4489-AA6B-AEC78C125384}.Debug|Any CPU.Build.0 = Debug|Any CPU
		{AFE0F491-8156-4489-AA6B-AEC78C125384}.Release|Any CPU.ActiveCfg = Release|Any CPU
		{AFE0F491-8156-4489-AA6B-AEC78C125384}.Release|Any CPU.Build.0 = Release|Any CPU
		{9BD8B836-1555-47F9-A560-92299A531E54}.Debug|Any CPU.ActiveCfg = Debug|Any CPU
		{9BD8B836-1555-47F9-A560-92299A531E54}.Debug|Any CPU.Build.0 = Debug|Any CPU
		{9BD8B836-1555-47F9-A560-92299A531E54}.Release|Any CPU.ActiveCfg = Release|Any CPU
		{9BD8B836-1555-47F9-A560-92299A531E54}.Release|Any CPU.Build.0 = Release|Any CPU
		{9EE8FD63-544E-4A25-B167-D4349917D461}.Debug|Any CPU.ActiveCfg = Debug|Any CPU
		{9EE8FD63-544E-4A25-B167-D4349917D461}.Debug|Any CPU.Build.0 = Debug|Any CPU
		{9EE8FD63-544E-4A25-B167-D4349917D461}.Release|Any CPU.ActiveCfg = Release|Any CPU
		{9EE8FD63-544E-4A25-B167-D4349917D461}.Release|Any CPU.Build.0 = Release|Any CPU
		{390DD265-2918-4A41-AC9B-9C31FDE5DE75}.Debug|Any CPU.ActiveCfg = Debug|Any CPU
		{390DD265-2918-4A41-AC9B-9C31FDE5DE75}.Debug|Any CPU.Build.0 = Debug|Any CPU
		{390DD265-2918-4A41-AC9B-9C31FDE5DE75}.Release|Any CPU.ActiveCfg = Release|Any CPU
		{390DD265-2918-4A41-AC9B-9C31FDE5DE75}.Release|Any CPU.Build.0 = Release|Any CPU
	EndGlobalSection
	GlobalSection(SolutionProperties) = preSolution
		HideSolutionNode = FALSE
	EndGlobalSection
	GlobalSection(ExtensibilityGlobals) = postSolution
		SolutionGuid = {C5C6C8A2-BA0B-4AF0-B87B-ED87A61D5717}
	EndGlobalSection
EndGlobal
